
Microsoft Visual Studio Solution File, Format Version 12.00
# Visual Studio 15
VisualStudioVersion = 15.0.28307.572
MinimumVisualStudioVersion = 10.0.40219.1
Project("{FAE04EC0-301F-11D3-BF4B-00C04F79EFBC}") = "CiscoCLIGuide", "CiscoCLIGuide\CiscoCLIGuide.csproj", "{BEB28755-CC76-4B46-83B5-5CD380BC9BC4}"
EndProject
Global
	GlobalSection(SolutionConfigurationPlatforms) = preSolution
		Debug|Any CPU = Debug|Any CPU
		Release|Any CPU = Release|Any CPU
	EndGlobalSection
	GlobalSection(ProjectConfigurationPlatforms) = postSolution
		{BEB28755-CC76-4B46-83B5-5CD380BC9BC4}.Debug|Any CPU.ActiveCfg = Debug|Any CPU
		{BEB28755-CC76-4B46-83B5-5CD380BC9BC4}.Debug|Any CPU.Build.0 = Debug|Any CPU
		{BEB28755-CC76-4B46-83B5-5CD380BC9BC4}.Release|Any CPU.ActiveCfg = Release|Any CPU
		{BEB28755-CC76-4B46-83B5-5CD380BC9BC4}.Release|Any CPU.Build.0 = Release|Any CPU
	EndGlobalSection
	GlobalSection(SolutionProperties) = preSolution
		HideSolutionNode = FALSE
	EndGlobalSection
	GlobalSection(ExtensibilityGlobals) = postSolution
		SolutionGuid = {E92D91F5-699D-4590-8486-8E571B5725FC}
	EndGlobalSection
EndGlobal
