
Microsoft Visual Studio Solution File, Format Version 12.00
# Visual Studio 15
VisualStudioVersion = 15.0.28307.168
MinimumVisualStudioVersion = 10.0.40219.1
Project("{FAE04EC0-301F-11D3-BF4B-00C04F79EFBC}") = "CiscoCLIGuide", "CiscoCLIGuide\CiscoCLIGuide.csproj", "{A17E7177-350D-4A2C-851C-055FBFAC8CF3}"
EndProject
Global
	GlobalSection(SolutionConfigurationPlatforms) = preSolution
		Debug|Any CPU = Debug|Any CPU
		Release|Any CPU = Release|Any CPU
	EndGlobalSection
	GlobalSection(ProjectConfigurationPlatforms) = postSolution
		{A17E7177-350D-4A2C-851C-055FBFAC8CF3}.Debug|Any CPU.ActiveCfg = Debug|Any CPU
		{A17E7177-350D-4A2C-851C-055FBFAC8CF3}.Debug|Any CPU.Build.0 = Debug|Any CPU
		{A17E7177-350D-4A2C-851C-055FBFAC8CF3}.Release|Any CPU.ActiveCfg = Release|Any CPU
		{A17E7177-350D-4A2C-851C-055FBFAC8CF3}.Release|Any CPU.Build.0 = Release|Any CPU
	EndGlobalSection
	GlobalSection(SolutionProperties) = preSolution
		HideSolutionNode = FALSE
	EndGlobalSection
	GlobalSection(ExtensibilityGlobals) = postSolution
		SolutionGuid = {F27E0469-F965-46A8-9B7D-D1DBB0F7C207}
	EndGlobalSection
EndGlobal
